
Microsoft Visual Studio Solution File, Format Version 12.00
# Visual Studio Version 16
VisualStudioVersion = 16.0.34031.81
MinimumVisualStudioVersion = 10.0.40219.1
Project("{8BC9CEB8-8B4A-11D0-8D11-00A0C91BC942}") = "lab 8.2(2) var16", "lab 8.2(2) var16\lab 8.2(2) var16.vcxproj", "{6C53CFA4-1057-4C26-A1BA-B0A826ADAFDE}"
EndProject
Global
	GlobalSection(SolutionConfigurationPlatforms) = preSolution
		Debug|x64 = Debug|x64
		Debug|x86 = Debug|x86
		Release|x64 = Release|x64
		Release|x86 = Release|x86
	EndGlobalSection
	GlobalSection(ProjectConfigurationPlatforms) = postSolution
		{6C53CFA4-1057-4C26-A1BA-B0A826ADAFDE}.Debug|x64.ActiveCfg = Debug|x64
		{6C53CFA4-1057-4C26-A1BA-B0A826ADAFDE}.Debug|x64.Build.0 = Debug|x64
		{6C53CFA4-1057-4C26-A1BA-B0A826ADAFDE}.Debug|x86.ActiveCfg = Debug|Win32
		{6C53CFA4-1057-4C26-A1BA-B0A826ADAFDE}.Debug|x86.Build.0 = Debug|Win32
		{6C53CFA4-1057-4C26-A1BA-B0A826ADAFDE}.Release|x64.ActiveCfg = Release|x64
		{6C53CFA4-1057-4C26-A1BA-B0A826ADAFDE}.Release|x64.Build.0 = Release|x64
		{6C53CFA4-1057-4C26-A1BA-B0A826ADAFDE}.Release|x86.ActiveCfg = Release|Win32
		{6C53CFA4-1057-4C26-A1BA-B0A826ADAFDE}.Release|x86.Build.0 = Release|Win32
	EndGlobalSection
	GlobalSection(SolutionProperties) = preSolution
		HideSolutionNode = FALSE
	EndGlobalSection
	GlobalSection(ExtensibilityGlobals) = postSolution
		SolutionGuid = {F18857D7-2FFA-4E49-A4B1-9659396B9C34}
	EndGlobalSection
EndGlobal
